
Microsoft Visual Studio Solution File, Format Version 12.00
# Visual Studio Version 17
VisualStudioVersion = 17.1.32421.90
MinimumVisualStudioVersion = 10.0.40219.1
Project("{FAE04EC0-301F-11D3-BF4B-00C04F79EFBC}") = "DIZApp01Service", "DIZApp01Service\DIZApp01Service.csproj", "{0FB4AE6F-F63E-4604-A396-BF6002BDBFDD}"
EndProject
Global
	GlobalSection(SolutionConfigurationPlatforms) = preSolution
		Debug|Any CPU = Debug|Any CPU
		Release|Any CPU = Release|Any CPU
	EndGlobalSection
	GlobalSection(ProjectConfigurationPlatforms) = postSolution
		{0FB4AE6F-F63E-4604-A396-BF6002BDBFDD}.Debug|Any CPU.ActiveCfg = Release|Any CPU
		{0FB4AE6F-F63E-4604-A396-BF6002BDBFDD}.Debug|Any CPU.Build.0 = Release|Any CPU
		{0FB4AE6F-F63E-4604-A396-BF6002BDBFDD}.Release|Any CPU.ActiveCfg = Release|Any CPU
		{0FB4AE6F-F63E-4604-A396-BF6002BDBFDD}.Release|Any CPU.Build.0 = Release|Any CPU
	EndGlobalSection
	GlobalSection(SolutionProperties) = preSolution
		HideSolutionNode = FALSE
	EndGlobalSection
	GlobalSection(ExtensibilityGlobals) = postSolution
		SolutionGuid = {70CCC8DC-D07D-4E77-A9A3-D7311796BF00}
	EndGlobalSection
EndGlobal
